// !$*UTF8*$!
{
	archiveVersion = 1;
	classes = {
	};
	objectVersion = 46;
	objects = {

/* Begin PBXBuildFile section */
		2E36E9221BCB535E00DA62F0 /* main.m in Sources */ = {isa = PBXBuildFile; fileRef = 2E36E9211BCB535E00DA62F0 /* main.m */; };
		2E36E9251BCB535E00DA62F0 /* AppDelegate.m in Sources */ = {isa = PBXBuildFile; fileRef = 2E36E9241BCB535E00DA62F0 /* AppDelegate.m */; };
		2E36E92B1BCB535E00DA62F0 /* Main.storyboard in Resources */ = {isa = PBXBuildFile; fileRef = 2E36E9291BCB535E00DA62F0 /* Main.storyboard */; };
		2E36E92D1BCB535E00DA62F0 /* Assets.xcassets in Resources */ = {isa = PBXBuildFile; fileRef = 2E36E92C1BCB535E00DA62F0 /* Assets.xcassets */; };
		2E36E9301BCB535E00DA62F0 /* LaunchScreen.storyboard in Resources */ = {isa = PBXBuildFile; fileRef = 2E36E92E1BCB535E00DA62F0 /* LaunchScreen.storyboard */; };
		2E36E93B1BCB535E00DA62F0 /* MMMineSweeperTests.m in Sources */ = {isa = PBXBuildFile; fileRef = 2E36E93A1BCB535E00DA62F0 /* MMMineSweeperTests.m */; };
		2E36E9461BCB535E00DA62F0 /* MMMineSweeperUITests.m in Sources */ = {isa = PBXBuildFile; fileRef = 2E36E9451BCB535E00DA62F0 /* MMMineSweeperUITests.m */; };
		2E36E9551BCB54A300DA62F0 /* MMMineSweeperTile.m in Sources */ = {isa = PBXBuildFile; fileRef = 2E36E9541BCB54A300DA62F0 /* MMMineSweeperTile.m */; };
		2E36E9591BCB54F800DA62F0 /* MMMineSweeperGrid.m in Sources */ = {isa = PBXBuildFile; fileRef = 2E36E9581BCB54F800DA62F0 /* MMMineSweeperGrid.m */; };
		2E36E95C1BCB578100DA62F0 /* MMMineSweeperVC.m in Sources */ = {isa = PBXBuildFile; fileRef = 2E36E95B1BCB578100DA62F0 /* MMMineSweeperVC.m */; };
		2E36E9621BCB5CB500DA62F0 /* MMMineSweeperTileView.xib in Resources */ = {isa = PBXBuildFile; fileRef = 2E36E9611BCB5CB500DA62F0 /* MMMineSweeperTileView.xib */; };
/* End PBXBuildFile section */

/* Begin PBXContainerItemProxy section */
		2E36E9371BCB535E00DA62F0 /* PBXContainerItemProxy */ = {
			isa = PBXContainerItemProxy;
			containerPortal = 2E36E9151BCB535D00DA62F0 /* Project object */;
			proxyType = 1;
			remoteGlobalIDString = 2E36E91C1BCB535D00DA62F0;
			remoteInfo = MMMineSweeper;
		};
		2E36E9421BCB535E00DA62F0 /* PBXContainerItemProxy */ = {
			isa = PBXContainerItemProxy;
			containerPortal = 2E36E9151BCB535D00DA62F0 /* Project object */;
			proxyType = 1;
			remoteGlobalIDString = 2E36E91C1BCB535D00DA62F0;
			remoteInfo = MMMineSweeper;
		};
/* End PBXContainerItemProxy section */

/* Begin PBXFileReference section */
		2E36E91D1BCB535D00DA62F0 /* MMMineSweeper.app */ = {isa = PBXFileReference; explicitFileType = wrapper.application; includeInIndex = 0; path = MMMineSweeper.app; sourceTree = BUILT_PRODUCTS_DIR; };
		2E36E9211BCB535E00DA62F0 /* main.m */ = {isa = PBXFileReference; lastKnownFileType = sourcecode.c.objc; path = main.m; sourceTree = "<group>"; };
		2E36E9231BCB535E00DA62F0 /* AppDelegate.h */ = {isa = PBXFileReference; lastKnownFileType = sourcecode.c.h; path = AppDelegate.h; sourceTree = "<group>"; };
		2E36E9241BCB535E00DA62F0 /* AppDelegate.m */ = {isa = PBXFileReference; lastKnownFileType = sourcecode.c.objc; path = AppDelegate.m; sourceTree = "<group>"; };
		2E36E92A1BCB535E00DA62F0 /* Base */ = {isa = PBXFileReference; lastKnownFileType = file.storyboard; name = Base; path = Base.lproj/Main.storyboard; sourceTree = "<group>"; };
		2E36E92C1BCB535E00DA62F0 /* Assets.xcassets */ = {isa = PBXFileReference; lastKnownFileType = folder.assetcatalog; path = Assets.xcassets; sourceTree = "<group>"; };
		2E36E92F1BCB535E00DA62F0 /* Base */ = {isa = PBXFileReference; lastKnownFileType = file.storyboard; name = Base; path = Base.lproj/LaunchScreen.storyboard; sourceTree = "<group>"; };
		2E36E9311BCB535E00DA62F0 /* Info.plist */ = {isa = PBXFileReference; lastKnownFileType = text.plist.xml; path = Info.plist; sourceTree = "<group>"; };
		2E36E9361BCB535E00DA62F0 /* MMMineSweeperTests.xctest */ = {isa = PBXFileReference; explicitFileType = wrapper.cfbundle; includeInIndex = 0; path = MMMineSweeperTests.xctest; sourceTree = BUILT_PRODUCTS_DIR; };
		2E36E93A1BCB535E00DA62F0 /* MMMineSweeperTests.m */ = {isa = PBXFileReference; lastKnownFileType = sourcecode.c.objc; path = MMMineSweeperTests.m; sourceTree = "<group>"; };
		2E36E93C1BCB535E00DA62F0 /* Info.plist */ = {isa = PBXFileReference; lastKnownFileType = text.plist.xml; path = Info.plist; sourceTree = "<group>"; };
		2E36E9411BCB535E00DA62F0 /* MMMineSweeperUITests.xctest */ = {isa = PBXFileReference; explicitFileType = wrapper.cfbundle; includeInIndex = 0; path = MMMineSweeperUITests.xctest; sourceTree = BUILT_PRODUCTS_DIR; };
		2E36E9451BCB535E00DA62F0 /* MMMineSweeperUITests.m */ = {isa = PBXFileReference; lastKnownFileType = sourcecode.c.objc; path = MMMineSweeperUITests.m; sourceTree = "<group>"; };
		2E36E9471BCB535E00DA62F0 /* Info.plist */ = {isa = PBXFileReference; lastKnownFileType = text.plist.xml; path = Info.plist; sourceTree = "<group>"; };
		2E36E9531BCB54A300DA62F0 /* MMMineSweeperTile.h */ = {isa = PBXFileReference; fileEncoding = 4; lastKnownFileType = sourcecode.c.h; name = MMMineSweeperTile.h; path = Model/MMMineSweeperTile.h; sourceTree = "<group>"; };
		2E36E9541BCB54A300DA62F0 /* MMMineSweeperTile.m */ = {isa = PBXFileReference; fileEncoding = 4; lastKnownFileType = sourcecode.c.objc; name = MMMineSweeperTile.m; path = Model/MMMineSweeperTile.m; sourceTree = "<group>"; };
		2E36E9571BCB54F800DA62F0 /* MMMineSweeperGrid.h */ = {isa = PBXFileReference; fileEncoding = 4; lastKnownFileType = sourcecode.c.h; name = MMMineSweeperGrid.h; path = Model/MMMineSweeperGrid.h; sourceTree = "<group>"; };
		2E36E9581BCB54F800DA62F0 /* MMMineSweeperGrid.m */ = {isa = PBXFileReference; fileEncoding = 4; lastKnownFileType = sourcecode.c.objc; name = MMMineSweeperGrid.m; path = Model/MMMineSweeperGrid.m; sourceTree = "<group>"; };
		2E36E95A1BCB578100DA62F0 /* MMMineSweeperVC.h */ = {isa = PBXFileReference; fileEncoding = 4; lastKnownFileType = sourcecode.c.h; name = MMMineSweeperVC.h; path = "View Controllers/MMMineSweeperVC.h"; sourceTree = "<group>"; };
		2E36E95B1BCB578100DA62F0 /* MMMineSweeperVC.m */ = {isa = PBXFileReference; fileEncoding = 4; lastKnownFileType = sourcecode.c.objc; name = MMMineSweeperVC.m; path = "View Controllers/MMMineSweeperVC.m"; sourceTree = "<group>"; };
		2E36E9611BCB5CB500DA62F0 /* MMMineSweeperTileView.xib */ = {isa = PBXFileReference; fileEncoding = 4; lastKnownFileType = file.xib; name = MMMineSweeperTileView.xib; path = Views/MMMineSweeperTileView.xib; sourceTree = "<group>"; };
/* End PBXFileReference section */

/* Begin PBXFrameworksBuildPhase section */
		2E36E91A1BCB535D00DA62F0 /* Frameworks */ = {
			isa = PBXFrameworksBuildPhase;
			buildActionMask = 2147483647;
			files = (
			);
			runOnlyForDeploymentPostprocessing = 0;
		};
		2E36E9331BCB535E00DA62F0 /* Frameworks */ = {
			isa = PBXFrameworksBuildPhase;
			buildActionMask = 2147483647;
			files = (
			);
			runOnlyForDeploymentPostprocessing = 0;
		};
		2E36E93E1BCB535E00DA62F0 /* Frameworks */ = {
			isa = PBXFrameworksBuildPhase;
			buildActionMask = 2147483647;
			files = (
			);
			runOnlyForDeploymentPostprocessing = 0;
		};
/* End PBXFrameworksBuildPhase section */

/* Begin PBXGroup section */
		2E36E9141BCB535D00DA62F0 = {
			isa = PBXGroup;
			children = (
				2E36E91F1BCB535E00DA62F0 /* MMMineSweeper */,
				2E36E9391BCB535E00DA62F0 /* MMMineSweeperTests */,
				2E36E9441BCB535E00DA62F0 /* MMMineSweeperUITests */,
				2E36E91E1BCB535D00DA62F0 /* Products */,
			);
			sourceTree = "<group>";
		};
		2E36E91E1BCB535D00DA62F0 /* Products */ = {
			isa = PBXGroup;
			children = (
				2E36E91D1BCB535D00DA62F0 /* MMMineSweeper.app */,
				2E36E9361BCB535E00DA62F0 /* MMMineSweeperTests.xctest */,
				2E36E9411BCB535E00DA62F0 /* MMMineSweeperUITests.xctest */,
			);
			name = Products;
			sourceTree = "<group>";
		};
		2E36E91F1BCB535E00DA62F0 /* MMMineSweeper */ = {
			isa = PBXGroup;
			children = (
				2E36E9231BCB535E00DA62F0 /* AppDelegate.h */,
				2E36E9241BCB535E00DA62F0 /* AppDelegate.m */,
				2E36E9291BCB535E00DA62F0 /* Main.storyboard */,
				2E36E92C1BCB535E00DA62F0 /* Assets.xcassets */,
				2E36E92E1BCB535E00DA62F0 /* LaunchScreen.storyboard */,
				2E36E9311BCB535E00DA62F0 /* Info.plist */,
				2E36E9201BCB535E00DA62F0 /* Supporting Files */,
				2E36E9601BCB5C8000DA62F0 /* Views */,
				2E36E9561BCB54B100DA62F0 /* Model */,
				2E36E95D1BCB578B00DA62F0 /* View Controllers */,
			);
			path = MMMineSweeper;
			sourceTree = "<group>";
		};
		2E36E9201BCB535E00DA62F0 /* Supporting Files */ = {
			isa = PBXGroup;
			children = (
				2E36E9211BCB535E00DA62F0 /* main.m */,
			);
			name = "Supporting Files";
			sourceTree = "<group>";
		};
		2E36E9391BCB535E00DA62F0 /* MMMineSweeperTests */ = {
			isa = PBXGroup;
			children = (
				2E36E93A1BCB535E00DA62F0 /* MMMineSweeperTests.m */,
				2E36E93C1BCB535E00DA62F0 /* Info.plist */,
			);
			path = MMMineSweeperTests;
			sourceTree = "<group>";
		};
		2E36E9441BCB535E00DA62F0 /* MMMineSweeperUITests */ = {
			isa = PBXGroup;
			children = (
				2E36E9451BCB535E00DA62F0 /* MMMineSweeperUITests.m */,
				2E36E9471BCB535E00DA62F0 /* Info.plist */,
			);
			path = MMMineSweeperUITests;
			sourceTree = "<group>";
		};
		2E36E9561BCB54B100DA62F0 /* Model */ = {
			isa = PBXGroup;
			children = (
				2E36E9531BCB54A300DA62F0 /* MMMineSweeperTile.h */,
				2E36E9541BCB54A300DA62F0 /* MMMineSweeperTile.m */,
				2E36E9571BCB54F800DA62F0 /* MMMineSweeperGrid.h */,
				2E36E9581BCB54F800DA62F0 /* MMMineSweeperGrid.m */,
			);
			name = Model;
			sourceTree = "<group>";
		};
		2E36E95D1BCB578B00DA62F0 /* View Controllers */ = {
			isa = PBXGroup;
			children = (
				2E36E95A1BCB578100DA62F0 /* MMMineSweeperVC.h */,
				2E36E95B1BCB578100DA62F0 /* MMMineSweeperVC.m */,
			);
			name = "View Controllers";
			sourceTree = "<group>";
		};
		2E36E9601BCB5C8000DA62F0 /* Views */ = {
			isa = PBXGroup;
			children = (
				2E36E9611BCB5CB500DA62F0 /* MMMineSweeperTileView.xib */,
			);
			name = Views;
			sourceTree = "<group>";
		};
/* End PBXGroup section */

/* Begin PBXNativeTarget section */
		2E36E91C1BCB535D00DA62F0 /* MMMineSweeper */ = {
			isa = PBXNativeTarget;
			buildConfigurationList = 2E36E94A1BCB535E00DA62F0 /* Build configuration list for PBXNativeTarget "MMMineSweeper" */;
			buildPhases = (
				2E36E9191BCB535D00DA62F0 /* Sources */,
				2E36E91A1BCB535D00DA62F0 /* Frameworks */,
				2E36E91B1BCB535D00DA62F0 /* Resources */,
			);
			buildRules = (
			);
			dependencies = (
			);
			name = MMMineSweeper;
			productName = MMMineSweeper;
			productReference = 2E36E91D1BCB535D00DA62F0 /* MMMineSweeper.app */;
			productType = "com.apple.product-type.application";
		};
		2E36E9351BCB535E00DA62F0 /* MMMineSweeperTests */ = {
			isa = PBXNativeTarget;
			buildConfigurationList = 2E36E94D1BCB535E00DA62F0 /* Build configuration list for PBXNativeTarget "MMMineSweeperTests" */;
			buildPhases = (
				2E36E9321BCB535E00DA62F0 /* Sources */,
				2E36E9331BCB535E00DA62F0 /* Frameworks */,
				2E36E9341BCB535E00DA62F0 /* Resources */,
			);
			buildRules = (
			);
			dependencies = (
				2E36E9381BCB535E00DA62F0 /* PBXTargetDependency */,
			);
			name = MMMineSweeperTests;
			productName = MMMineSweeperTests;
			productReference = 2E36E9361BCB535E00DA62F0 /* MMMineSweeperTests.xctest */;
			productType = "com.apple.product-type.bundle.unit-test";
		};
		2E36E9401BCB535E00DA62F0 /* MMMineSweeperUITests */ = {
			isa = PBXNativeTarget;
			buildConfigurationList = 2E36E9501BCB535E00DA62F0 /* Build configuration list for PBXNativeTarget "MMMineSweeperUITests" */;
			buildPhases = (
				2E36E93D1BCB535E00DA62F0 /* Sources */,
				2E36E93E1BCB535E00DA62F0 /* Frameworks */,
				2E36E93F1BCB535E00DA62F0 /* Resources */,
			);
			buildRules = (
			);
			dependencies = (
				2E36E9431BCB535E00DA62F0 /* PBXTargetDependency */,
			);
			name = MMMineSweeperUITests;
			productName = MMMineSweeperUITests;
			productReference = 2E36E9411BCB535E00DA62F0 /* MMMineSweeperUITests.xctest */;
			productType = "com.apple.product-type.bundle.ui-testing";
		};
/* End PBXNativeTarget section */

/* Begin PBXProject section */
		2E36E9151BCB535D00DA62F0 /* Project object */ = {
			isa = PBXProject;
			attributes = {
				LastUpgradeCheck = 0710;
				ORGANIZATIONNAME = "Timothy Bellay";
				TargetAttributes = {
					2E36E91C1BCB535D00DA62F0 = {
						CreatedOnToolsVersion = 7.1;
					};
					2E36E9351BCB535E00DA62F0 = {
						CreatedOnToolsVersion = 7.1;
						TestTargetID = 2E36E91C1BCB535D00DA62F0;
					};
					2E36E9401BCB535E00DA62F0 = {
						CreatedOnToolsVersion = 7.1;
						TestTargetID = 2E36E91C1BCB535D00DA62F0;
					};
				};
			};
			buildConfigurationList = 2E36E9181BCB535D00DA62F0 /* Build configuration list for PBXProject "MMMineSweeper" */;
			compatibilityVersion = "Xcode 3.2";
			developmentRegion = English;
			hasScannedForEncodings = 0;
			knownRegions = (
				en,
				Base,
			);
			mainGroup = 2E36E9141BCB535D00DA62F0;
			productRefGroup = 2E36E91E1BCB535D00DA62F0 /* Products */;
			projectDirPath = "";
			projectRoot = "";
			targets = (
				2E36E91C1BCB535D00DA62F0 /* MMMineSweeper */,
				2E36E9351BCB535E00DA62F0 /* MMMineSweeperTests */,
				2E36E9401BCB535E00DA62F0 /* MMMineSweeperUITests */,
			);
		};
/* End PBXProject section */

/* Begin PBXResourcesBuildPhase section */
		2E36E91B1BCB535D00DA62F0 /* Resources */ = {
			isa = PBXResourcesBuildPhase;
			buildActionMask = 2147483647;
			files = (
				2E36E9301BCB535E00DA62F0 /* LaunchScreen.storyboard in Resources */,
				2E36E9621BCB5CB500DA62F0 /* MMMineSweeperTileView.xib in Resources */,
				2E36E92D1BCB535E00DA62F0 /* Assets.xcassets in Resources */,
				2E36E92B1BCB535E00DA62F0 /* Main.storyboard in Resources */,
			);
			runOnlyForDeploymentPostprocessing = 0;
		};
		2E36E9341BCB535E00DA62F0 /* Resources */ = {
			isa = PBXResourcesBuildPhase;
			buildActionMask = 2147483647;
			files = (
			);
			runOnlyForDeploymentPostprocessing = 0;
		};
		2E36E93F1BCB535E00DA62F0 /* Resources */ = {
			isa = PBXResourcesBuildPhase;
			buildActionMask = 2147483647;
			files = (
			);
			runOnlyForDeploymentPostprocessing = 0;
		};
/* End PBXResourcesBuildPhase section */

/* Begin PBXSourcesBuildPhase section */
		2E36E9191BCB535D00DA62F0 /* Sources */ = {
			isa = PBXSourcesBuildPhase;
			buildActionMask = 2147483647;
			files = (
				2E36E9251BCB535E00DA62F0 /* AppDelegate.m in Sources */,
				2E36E9551BCB54A300DA62F0 /* MMMineSweeperTile.m in Sources */,
				2E36E95C1BCB578100DA62F0 /* MMMineSweeperVC.m in Sources */,
				2E36E9591BCB54F800DA62F0 /* MMMineSweeperGrid.m in Sources */,
				2E36E9221BCB535E00DA62F0 /* main.m in Sources */,
			);
			runOnlyForDeploymentPostprocessing = 0;
		};
		2E36E9321BCB535E00DA62F0 /* Sources */ = {
			isa = PBXSourcesBuildPhase;
			buildActionMask = 2147483647;
			files = (
				2E36E93B1BCB535E00DA62F0 /* MMMineSweeperTests.m in Sources */,
			);
			runOnlyForDeploymentPostprocessing = 0;
		};
		2E36E93D1BCB535E00DA62F0 /* Sources */ = {
			isa = PBXSourcesBuildPhase;
			buildActionMask = 2147483647;
			files = (
				2E36E9461BCB535E00DA62F0 /* MMMineSweeperUITests.m in Sources */,
			);
			runOnlyForDeploymentPostprocessing = 0;
		};
/* End PBXSourcesBuildPhase section */

/* Begin PBXTargetDependency section */
		2E36E9381BCB535E00DA62F0 /* PBXTargetDependency */ = {
			isa = PBXTargetDependency;
			target = 2E36E91C1BCB535D00DA62F0 /* MMMineSweeper */;
			targetProxy = 2E36E9371BCB535E00DA62F0 /* PBXContainerItemProxy */;
		};
		2E36E9431BCB535E00DA62F0 /* PBXTargetDependency */ = {
			isa = PBXTargetDependency;
			target = 2E36E91C1BCB535D00DA62F0 /* MMMineSweeper */;
			targetProxy = 2E36E9421BCB535E00DA62F0 /* PBXContainerItemProxy */;
		};
/* End PBXTargetDependency section */

/* Begin PBXVariantGroup section */
		2E36E9291BCB535E00DA62F0 /* Main.storyboard */ = {
			isa = PBXVariantGroup;
			children = (
				2E36E92A1BCB535E00DA62F0 /* Base */,
			);
			name = Main.storyboard;
			sourceTree = "<group>";
		};
		2E36E92E1BCB535E00DA62F0 /* LaunchScreen.storyboard */ = {
			isa = PBXVariantGroup;
			children = (
				2E36E92F1BCB535E00DA62F0 /* Base */,
			);
			name = LaunchScreen.storyboard;
			sourceTree = "<group>";
		};
/* End PBXVariantGroup section */

/* Begin XCBuildConfiguration section */
		2E36E9481BCB535E00DA62F0 /* Debug */ = {
			isa = XCBuildConfiguration;
			buildSettings = {
				ALWAYS_SEARCH_USER_PATHS = NO;
				CLANG_CXX_LANGUAGE_STANDARD = "gnu++0x";
				CLANG_CXX_LIBRARY = "libc++";
				CLANG_ENABLE_MODULES = YES;
				CLANG_ENABLE_OBJC_ARC = YES;
				CLANG_WARN_BOOL_CONVERSION = YES;
				CLANG_WARN_CONSTANT_CONVERSION = YES;
				CLANG_WARN_DIRECT_OBJC_ISA_USAGE = YES_ERROR;
				CLANG_WARN_EMPTY_BODY = YES;
				CLANG_WARN_ENUM_CONVERSION = YES;
				CLANG_WARN_INT_CONVERSION = YES;
				CLANG_WARN_OBJC_ROOT_CLASS = YES_ERROR;
				CLANG_WARN_UNREACHABLE_CODE = YES;
				CLANG_WARN__DUPLICATE_METHOD_MATCH = YES;
				"CODE_SIGN_IDENTITY[sdk=iphoneos*]" = "iPhone Developer";
				COPY_PHASE_STRIP = NO;
				DEBUG_INFORMATION_FORMAT = dwarf;
				ENABLE_STRICT_OBJC_MSGSEND = YES;
				ENABLE_TESTABILITY = YES;
				GCC_C_LANGUAGE_STANDARD = gnu99;
				GCC_DYNAMIC_NO_PIC = NO;
				GCC_NO_COMMON_BLOCKS = YES;
				GCC_OPTIMIZATION_LEVEL = 0;
				GCC_PREPROCESSOR_DEFINITIONS = (
					"DEBUG=1",
					"$(inherited)",
				);
				GCC_WARN_64_TO_32_BIT_CONVERSION = YES;
				GCC_WARN_ABOUT_RETURN_TYPE = YES_ERROR;
				GCC_WARN_UNDECLARED_SELECTOR = YES;
				GCC_WARN_UNINITIALIZED_AUTOS = YES_AGGRESSIVE;
				GCC_WARN_UNUSED_FUNCTION = YES;
				GCC_WARN_UNUSED_VARIABLE = YES;
				IPHONEOS_DEPLOYMENT_TARGET = 9.1;
				MTL_ENABLE_DEBUG_INFO = YES;
				ONLY_ACTIVE_ARCH = YES;
				SDKROOT = iphoneos;
				TARGETED_DEVICE_FAMILY = "1,2";
			};
			name = Debug;
		};
		2E36E9491BCB535E00DA62F0 /* Release */ = {
			isa = XCBuildConfiguration;
			buildSettings = {
				ALWAYS_SEARCH_USER_PATHS = NO;
				CLANG_CXX_LANGUAGE_STANDARD = "gnu++0x";
				CLANG_CXX_LIBRARY = "libc++";
				CLANG_ENABLE_MODULES = YES;
				CLANG_ENABLE_OBJC_ARC = YES;
				CLANG_WARN_BOOL_CONVERSION = YES;
				CLANG_WARN_CONSTANT_CONVERSION = YES;
				CLANG_WARN_DIRECT_OBJC_ISA_USAGE = YES_ERROR;
				CLANG_WARN_EMPTY_BODY = YES;
				CLANG_WARN_ENUM_CONVERSION = YES;
				CLANG_WARN_INT_CONVERSION = YES;
				CLANG_WARN_OBJC_ROOT_CLASS = YES_ERROR;
				CLANG_WARN_UNREACHABLE_CODE = YES;
				CLANG_WARN__DUPLICATE_METHOD_MATCH = YES;
				"CODE_SIGN_IDENTITY[sdk=iphoneos*]" = "iPhone Developer";
				COPY_PHASE_STRIP = NO;
				DEBUG_INFORMATION_FORMAT = "dwarf-with-dsym";
				ENABLE_NS_ASSERTIONS = NO;
				ENABLE_STRICT_OBJC_MSGSEND = YES;
				GCC_C_LANGUAGE_STANDARD = gnu99;
				GCC_NO_COMMON_BLOCKS = YES;
				GCC_WARN_64_TO_32_BIT_CONVERSION = YES;
				GCC_WARN_ABOUT_RETURN_TYPE = YES_ERROR;
				GCC_WARN_UNDECLARED_SELECTOR = YES;
				GCC_WARN_UNINITIALIZED_AUTOS = YES_AGGRESSIVE;
				GCC_WARN_UNUSED_FUNCTION = YES;
				GCC_WARN_UNUSED_VARIABLE = YES;
				IPHONEOS_DEPLOYMENT_TARGET = 9.1;
				MTL_ENABLE_DEBUG_INFO = NO;
				SDKROOT = iphoneos;
				TARGETED_DEVICE_FAMILY = "1,2";
				VALIDATE_PRODUCT = YES;
			};
			name = Release;
		};
		2E36E94B1BCB535E00DA62F0 /* Debug */ = {
			isa = XCBuildConfiguration;
			buildSettings = {
				ASSETCATALOG_COMPILER_APPICON_NAME = AppIcon;
				INFOPLIST_FILE = MMMineSweeper/Info.plist;
				IPHONEOS_DEPLOYMENT_TARGET = 9.1;
				LD_RUNPATH_SEARCH_PATHS = "$(inherited) @executable_path/Frameworks";
				PRODUCT_BUNDLE_IDENTIFIER = com.MissionMinds.MMMineSweeper;
				PRODUCT_NAME = "$(TARGET_NAME)";
			};
			name = Debug;
		};
		2E36E94C1BCB535E00DA62F0 /* Release */ = {
			isa = XCBuildConfiguration;
			buildSettings = {
				ASSETCATALOG_COMPILER_APPICON_NAME = AppIcon;
				INFOPLIST_FILE = MMMineSweeper/Info.plist;
				IPHONEOS_DEPLOYMENT_TARGET = 9.1;
				LD_RUNPATH_SEARCH_PATHS = "$(inherited) @executable_path/Frameworks";
				PRODUCT_BUNDLE_IDENTIFIER = com.MissionMinds.MMMineSweeper;
				PRODUCT_NAME = "$(TARGET_NAME)";
			};
			name = Release;
		};
		2E36E94E1BCB535E00DA62F0 /* Debug */ = {
			isa = XCBuildConfiguration;
			buildSettings = {
				BUNDLE_LOADER = "$(TEST_HOST)";
				INFOPLIST_FILE = MMMineSweeperTests/Info.plist;
				LD_RUNPATH_SEARCH_PATHS = "$(inherited) @executable_path/Frameworks @loader_path/Frameworks";
				PRODUCT_BUNDLE_IDENTIFIER = com.MissionMinds.MMMineSweeperTests;
				PRODUCT_NAME = "$(TARGET_NAME)";
				TEST_HOST = "$(BUILT_PRODUCTS_DIR)/MMMineSweeper.app/MMMineSweeper";
			};
			name = Debug;
		};
		2E36E94F1BCB535E00DA62F0 /* Release */ = {
			isa = XCBuildConfiguration;
			buildSettings = {
				BUNDLE_LOADER = "$(TEST_HOST)";
				INFOPLIST_FILE = MMMineSweeperTests/Info.plist;
				LD_RUNPATH_SEARCH_PATHS = "$(inherited) @executable_path/Frameworks @loader_path/Frameworks";
				PRODUCT_BUNDLE_IDENTIFIER = com.MissionMinds.MMMineSweeperTests;
				PRODUCT_NAME = "$(TARGET_NAME)";
				TEST_HOST = "$(BUILT_PRODUCTS_DIR)/MMMineSweeper.app/MMMineSweeper";
			};
			name = Release;
		};
		2E36E9511BCB535E00DA62F0 /* Debug */ = {
			isa = XCBuildConfiguration;
			buildSettings = {
				INFOPLIST_FILE = MMMineSweeperUITests/Info.plist;
				LD_RUNPATH_SEARCH_PATHS = "$(inherited) @executable_path/Frameworks @loader_path/Frameworks";
				PRODUCT_BUNDLE_IDENTIFIER = com.MissionMinds.MMMineSweeperUITests;
				PRODUCT_NAME = "$(TARGET_NAME)";
				TEST_TARGET_NAME = MMMineSweeper;
				USES_XCTRUNNER = YES;
			};
			name = Debug;
		};
		2E36E9521BCB535E00DA62F0 /* Release */ = {
			isa = XCBuildConfiguration;
			buildSettings = {
				INFOPLIST_FILE = MMMineSweeperUITests/Info.plist;
				LD_RUNPATH_SEARCH_PATHS = "$(inherited) @executable_path/Frameworks @loader_path/Frameworks";
				PRODUCT_BUNDLE_IDENTIFIER = com.MissionMinds.MMMineSweeperUITests;
				PRODUCT_NAME = "$(TARGET_NAME)";
				TEST_TARGET_NAME = MMMineSweeper;
				USES_XCTRUNNER = YES;
			};
			name = Release;
		};
/* End XCBuildConfiguration section */

/* Begin XCConfigurationList section */
		2E36E9181BCB535D00DA62F0 /* Build configuration list for PBXProject "MMMineSweeper" */ = {
			isa = XCConfigurationList;
			buildConfigurations = (
				2E36E9481BCB535E00DA62F0 /* Debug */,
				2E36E9491BCB535E00DA62F0 /* Release */,
			);
			defaultConfigurationIsVisible = 0;
			defaultConfigurationName = Release;
		};
		2E36E94A1BCB535E00DA62F0 /* Build configuration list for PBXNativeTarget "MMMineSweeper" */ = {
			isa = XCConfigurationList;
			buildConfigurations = (
				2E36E94B1BCB535E00DA62F0 /* Debug */,
				2E36E94C1BCB535E00DA62F0 /* Release */,
			);
			defaultConfigurationIsVisible = 0;
			defaultConfigurationName = Release;
		};
		2E36E94D1BCB535E00DA62F0 /* Build configuration list for PBXNativeTarget "MMMineSweeperTests" */ = {
			isa = XCConfigurationList;
			buildConfigurations = (
				2E36E94E1BCB535E00DA62F0 /* Debug */,
				2E36E94F1BCB535E00DA62F0 /* Release */,
			);
			defaultConfigurationIsVisible = 0;
			defaultConfigurationName = Release;
		};
		2E36E9501BCB535E00DA62F0 /* Build configuration list for PBXNativeTarget "MMMineSweeperUITests" */ = {
			isa = XCConfigurationList;
			buildConfigurations = (
				2E36E9511BCB535E00DA62F0 /* Debug */,
				2E36E9521BCB535E00DA62F0 /* Release */,
			);
			defaultConfigurationIsVisible = 0;
			defaultConfigurationName = Release;
		};
/* End XCConfigurationList section */
	};
	rootObject = 2E36E9151BCB535D00DA62F0 /* Project object */;
}
